
Microsoft Visual Studio Solution File, Format Version 12.00
# Visual Studio Version 17
VisualStudioVersion = 17.8.34309.116
MinimumVisualStudioVersion = 10.0.40219.1
Project("{FAE04EC0-301F-11D3-BF4B-00C04F79EFBC}") = "WebApplication1", "WebApplication1.csproj", "{450A86F9-1E91-4A84-A6A6-7D1D714D0A02}"
EndProject
Global
	GlobalSection(SolutionConfigurationPlatforms) = preSolution
		Debug|Any CPU = Debug|Any CPU
		Release|Any CPU = Release|Any CPU
	EndGlobalSection
	GlobalSection(ProjectConfigurationPlatforms) = postSolution
		{450A86F9-1E91-4A84-A6A6-7D1D714D0A02}.Debug|Any CPU.ActiveCfg = Debug|Any CPU
		{450A86F9-1E91-4A84-A6A6-7D1D714D0A02}.Debug|Any CPU.Build.0 = Debug|Any CPU
		{450A86F9-1E91-4A84-A6A6-7D1D714D0A02}.Release|Any CPU.ActiveCfg = Release|Any CPU
		{450A86F9-1E91-4A84-A6A6-7D1D714D0A02}.Release|Any CPU.Build.0 = Release|Any CPU
	EndGlobalSection
	GlobalSection(SolutionProperties) = preSolution
		HideSolutionNode = FALSE
	EndGlobalSection
	GlobalSection(ExtensibilityGlobals) = postSolution
		SolutionGuid = {22AE3CC4-7B6D-4426-8BF3-19DA3D852160}
	EndGlobalSection
EndGlobal
